
Microsoft Visual Studio Solution File, Format Version 12.00
# Visual Studio Version 16
VisualStudioVersion = 16.0.32802.440
MinimumVisualStudioVersion = 10.0.40219.1
Project("{FAE04EC0-301F-11D3-BF4B-00C04F79EFBC}") = "Project1", "Project1\Project1.csproj", "{BADEEBA5-359F-4DAA-AC0D-E6635D266343}"
EndProject
Global
	GlobalSection(SolutionConfigurationPlatforms) = preSolution
		Debug|Any CPU = Debug|Any CPU
		Release|Any CPU = Release|Any CPU
	EndGlobalSection
	GlobalSection(ProjectConfigurationPlatforms) = postSolution
		{BADEEBA5-359F-4DAA-AC0D-E6635D266343}.Debug|Any CPU.ActiveCfg = Debug|Any CPU
		{BADEEBA5-359F-4DAA-AC0D-E6635D266343}.Debug|Any CPU.Build.0 = Debug|Any CPU
		{BADEEBA5-359F-4DAA-AC0D-E6635D266343}.Release|Any CPU.ActiveCfg = Release|Any CPU
		{BADEEBA5-359F-4DAA-AC0D-E6635D266343}.Release|Any CPU.Build.0 = Release|Any CPU
	EndGlobalSection
	GlobalSection(SolutionProperties) = preSolution
		HideSolutionNode = FALSE
	EndGlobalSection
	GlobalSection(ExtensibilityGlobals) = postSolution
		SolutionGuid = {F3CAAD88-08F6-4B3B-8B74-1EE2AC8C1DF0}
	EndGlobalSection
EndGlobal
